
Microsoft Visual Studio Solution File, Format Version 12.00
# Visual Studio 15
VisualStudioVersion = 15.0.26730.12
MinimumVisualStudioVersion = 10.0.40219.1
Project("{8BC9CEB8-8B4A-11D0-8D11-00A0C91BC942}") = "Mesh", "Mesh\Mesh.vcxproj", "{97CE174F-B661-41B4-B294-D0D5D4D80179}"
EndProject
Global
	GlobalSection(SolutionConfigurationPlatforms) = preSolution
		Debug|x86 = Debug|x86
		Release|x86 = Release|x86
	EndGlobalSection
	GlobalSection(ProjectConfigurationPlatforms) = postSolution
		{97CE174F-B661-41B4-B294-D0D5D4D80179}.Debug|x86.ActiveCfg = Debug|Win32
		{97CE174F-B661-41B4-B294-D0D5D4D80179}.Debug|x86.Build.0 = Debug|Win32
		{97CE174F-B661-41B4-B294-D0D5D4D80179}.Release|x86.ActiveCfg = Release|Win32
		{97CE174F-B661-41B4-B294-D0D5D4D80179}.Release|x86.Build.0 = Release|Win32
	EndGlobalSection
	GlobalSection(SolutionProperties) = preSolution
		HideSolutionNode = FALSE
	EndGlobalSection
	GlobalSection(ExtensibilityGlobals) = postSolution
		SolutionGuid = {B2398242-6D01-496C-B126-5CBFC98AE56F}
	EndGlobalSection
EndGlobal
